
Microsoft Visual Studio Solution File, Format Version 12.00
# Visual Studio 15
VisualStudioVersion = 15.0.28307.106
MinimumVisualStudioVersion = 10.0.40219.1
Project("{FAE04EC0-301F-11D3-BF4B-00C04F79EFBC}") = "Carouselview_XF.Android", "Carouselview_XF\Carouselview_XF.Android\Carouselview_XF.Android.csproj", "{13DA041F-DBF4-43C5-BBED-203CDCEFDA71}"
EndProject
Project("{FAE04EC0-301F-11D3-BF4B-00C04F79EFBC}") = "Carouselview_XF.iOS", "Carouselview_XF\Carouselview_XF.iOS\Carouselview_XF.iOS.csproj", "{6C66F7DB-1D9F-4283-88F4-FBC6469A26F8}"
EndProject
Project("{FAE04EC0-301F-11D3-BF4B-00C04F79EFBC}") = "Carouselview_XF", "Carouselview_XF\Carouselview_XF\Carouselview_XF.csproj", "{7EB01025-A9C1-4CB6-9916-1713B079765F}"
EndProject
Global
	GlobalSection(SolutionConfigurationPlatforms) = preSolution
		Ad-Hoc|Any CPU = Ad-Hoc|Any CPU
		Ad-Hoc|iPhone = Ad-Hoc|iPhone
		Ad-Hoc|iPhoneSimulator = Ad-Hoc|iPhoneSimulator
		AppStore|Any CPU = AppStore|Any CPU
		AppStore|iPhone = AppStore|iPhone
		AppStore|iPhoneSimulator = AppStore|iPhoneSimulator
		Debug|Any CPU = Debug|Any CPU
		Debug|iPhone = Debug|iPhone
		Debug|iPhoneSimulator = Debug|iPhoneSimulator
		Release|Any CPU = Release|Any CPU
		Release|iPhone = Release|iPhone
		Release|iPhoneSimulator = Release|iPhoneSimulator
	EndGlobalSection
	GlobalSection(ProjectConfigurationPlatforms) = postSolution
		{13DA041F-DBF4-43C5-BBED-203CDCEFDA71}.Ad-Hoc|Any CPU.ActiveCfg = Release|Any CPU
		{13DA041F-DBF4-43C5-BBED-203CDCEFDA71}.Ad-Hoc|Any CPU.Build.0 = Release|Any CPU
		{13DA041F-DBF4-43C5-BBED-203CDCEFDA71}.Ad-Hoc|Any CPU.Deploy.0 = Release|Any CPU
		{13DA041F-DBF4-43C5-BBED-203CDCEFDA71}.Ad-Hoc|iPhone.ActiveCfg = Release|Any CPU
		{13DA041F-DBF4-43C5-BBED-203CDCEFDA71}.Ad-Hoc|iPhone.Build.0 = Release|Any CPU
		{13DA041F-DBF4-43C5-BBED-203CDCEFDA71}.Ad-Hoc|iPhone.Deploy.0 = Release|Any CPU
		{13DA041F-DBF4-43C5-BBED-203CDCEFDA71}.Ad-Hoc|iPhoneSimulator.ActiveCfg = Release|Any CPU
		{13DA041F-DBF4-43C5-BBED-203CDCEFDA71}.Ad-Hoc|iPhoneSimulator.Build.0 = Release|Any CPU
		{13DA041F-DBF4-43C5-BBED-203CDCEFDA71}.Ad-Hoc|iPhoneSimulator.Deploy.0 = Release|Any CPU
		{13DA041F-DBF4-43C5-BBED-203CDCEFDA71}.AppStore|Any CPU.ActiveCfg = Release|Any CPU
		{13DA041F-DBF4-43C5-BBED-203CDCEFDA71}.AppStore|Any CPU.Build.0 = Release|Any CPU
		{13DA041F-DBF4-43C5-BBED-203CDCEFDA71}.AppStore|Any CPU.Deploy.0 = Release|Any CPU
		{13DA041F-DBF4-43C5-BBED-203CDCEFDA71}.AppStore|iPhone.ActiveCfg = Release|Any CPU
		{13DA041F-DBF4-43C5-BBED-203CDCEFDA71}.AppStore|iPhone.Build.0 = Release|Any CPU
		{13DA041F-DBF4-43C5-BBED-203CDCEFDA71}.AppStore|iPhone.Deploy.0 = Release|Any CPU
		{13DA041F-DBF4-43C5-BBED-203CDCEFDA71}.AppStore|iPhoneSimulator.ActiveCfg = Release|Any CPU
		{13DA041F-DBF4-43C5-BBED-203CDCEFDA71}.AppStore|iPhoneSimulator.Build.0 = Release|Any CPU
		{13DA041F-DBF4-43C5-BBED-203CDCEFDA71}.AppStore|iPhoneSimulator.Deploy.0 = Release|Any CPU
		{13DA041F-DBF4-43C5-BBED-203CDCEFDA71}.Debug|Any CPU.ActiveCfg = Debug|Any CPU
		{13DA041F-DBF4-43C5-BBED-203CDCEFDA71}.Debug|Any CPU.Build.0 = Debug|Any CPU
		{13DA041F-DBF4-43C5-BBED-203CDCEFDA71}.Debug|Any CPU.Deploy.0 = Debug|Any CPU
		{13DA041F-DBF4-43C5-BBED-203CDCEFDA71}.Debug|iPhone.ActiveCfg = Debug|Any CPU
		{13DA041F-DBF4-43C5-BBED-203CDCEFDA71}.Debug|iPhone.Build.0 = Debug|Any CPU
		{13DA041F-DBF4-43C5-BBED-203CDCEFDA71}.Debug|iPhone.Deploy.0 = Debug|Any CPU
		{13DA041F-DBF4-43C5-BBED-203CDCEFDA71}.Debug|iPhoneSimulator.ActiveCfg = Debug|Any CPU
		{13DA041F-DBF4-43C5-BBED-203CDCEFDA71}.Debug|iPhoneSimulator.Build.0 = Debug|Any CPU
		{13DA041F-DBF4-43C5-BBED-203CDCEFDA71}.Debug|iPhoneSimulator.Deploy.0 = Debug|Any CPU
		{13DA041F-DBF4-43C5-BBED-203CDCEFDA71}.Release|Any CPU.ActiveCfg = Release|Any CPU
		{13DA041F-DBF4-43C5-BBED-203CDCEFDA71}.Release|Any CPU.Build.0 = Release|Any CPU
		{13DA041F-DBF4-43C5-BBED-203CDCEFDA71}.Release|Any CPU.Deploy.0 = Release|Any CPU
		{13DA041F-DBF4-43C5-BBED-203CDCEFDA71}.Release|iPhone.ActiveCfg = Release|Any CPU
		{13DA041F-DBF4-43C5-BBED-203CDCEFDA71}.Release|iPhone.Build.0 = Release|Any CPU
		{13DA041F-DBF4-43C5-BBED-203CDCEFDA71}.Release|iPhone.Deploy.0 = Release|Any CPU
		{13DA041F-DBF4-43C5-BBED-203CDCEFDA71}.Release|iPhoneSimulator.ActiveCfg = Release|Any CPU
		{13DA041F-DBF4-43C5-BBED-203CDCEFDA71}.Release|iPhoneSimulator.Build.0 = Release|Any CPU
		{13DA041F-DBF4-43C5-BBED-203CDCEFDA71}.Release|iPhoneSimulator.Deploy.0 = Release|Any CPU
		{6C66F7DB-1D9F-4283-88F4-FBC6469A26F8}.Ad-Hoc|Any CPU.ActiveCfg = Ad-Hoc|iPhone
		{6C66F7DB-1D9F-4283-88F4-FBC6469A26F8}.Ad-Hoc|Any CPU.Build.0 = Ad-Hoc|iPhone
		{6C66F7DB-1D9F-4283-88F4-FBC6469A26F8}.Ad-Hoc|Any CPU.Deploy.0 = Ad-Hoc|iPhone
		{6C66F7DB-1D9F-4283-88F4-FBC6469A26F8}.Ad-Hoc|iPhone.ActiveCfg = Ad-Hoc|iPhone
		{6C66F7DB-1D9F-4283-88F4-FBC6469A26F8}.Ad-Hoc|iPhone.Build.0 = Ad-Hoc|iPhone
		{6C66F7DB-1D9F-4283-88F4-FBC6469A26F8}.Ad-Hoc|iPhone.Deploy.0 = Ad-Hoc|iPhone
		{6C66F7DB-1D9F-4283-88F4-FBC6469A26F8}.Ad-Hoc|iPhoneSimulator.ActiveCfg = Ad-Hoc|iPhoneSimulator
		{6C66F7DB-1D9F-4283-88F4-FBC6469A26F8}.Ad-Hoc|iPhoneSimulator.Build.0 = Ad-Hoc|iPhoneSimulator
		{6C66F7DB-1D9F-4283-88F4-FBC6469A26F8}.Ad-Hoc|iPhoneSimulator.Deploy.0 = Ad-Hoc|iPhoneSimulator
		{6C66F7DB-1D9F-4283-88F4-FBC6469A26F8}.AppStore|Any CPU.ActiveCfg = AppStore|iPhone
		{6C66F7DB-1D9F-4283-88F4-FBC6469A26F8}.AppStore|Any CPU.Build.0 = AppStore|iPhone
		{6C66F7DB-1D9F-4283-88F4-FBC6469A26F8}.AppStore|Any CPU.Deploy.0 = AppStore|iPhone
		{6C66F7DB-1D9F-4283-88F4-FBC6469A26F8}.AppStore|iPhone.ActiveCfg = AppStore|iPhone
		{6C66F7DB-1D9F-4283-88F4-FBC6469A26F8}.AppStore|iPhone.Build.0 = AppStore|iPhone
		{6C66F7DB-1D9F-4283-88F4-FBC6469A26F8}.AppStore|iPhone.Deploy.0 = AppStore|iPhone
		{6C66F7DB-1D9F-4283-88F4-FBC6469A26F8}.AppStore|iPhoneSimulator.ActiveCfg = AppStore|iPhoneSimulator
		{6C66F7DB-1D9F-4283-88F4-FBC6469A26F8}.AppStore|iPhoneSimulator.Build.0 = AppStore|iPhoneSimulator
		{6C66F7DB-1D9F-4283-88F4-FBC6469A26F8}.AppStore|iPhoneSimulator.Deploy.0 = AppStore|iPhoneSimulator
		{6C66F7DB-1D9F-4283-88F4-FBC6469A26F8}.Debug|Any CPU.ActiveCfg = Debug|iPhoneSimulator
		{6C66F7DB-1D9F-4283-88F4-FBC6469A26F8}.Debug|Any CPU.Build.0 = Debug|iPhoneSimulator
		{6C66F7DB-1D9F-4283-88F4-FBC6469A26F8}.Debug|Any CPU.Deploy.0 = Debug|iPhoneSimulator
		{6C66F7DB-1D9F-4283-88F4-FBC6469A26F8}.Debug|iPhone.ActiveCfg = Debug|iPhone
		{6C66F7DB-1D9F-4283-88F4-FBC6469A26F8}.Debug|iPhone.Build.0 = Debug|iPhone
		{6C66F7DB-1D9F-4283-88F4-FBC6469A26F8}.Debug|iPhone.Deploy.0 = Debug|iPhone
		{6C66F7DB-1D9F-4283-88F4-FBC6469A26F8}.Debug|iPhoneSimulator.ActiveCfg = Debug|iPhoneSimulator
		{6C66F7DB-1D9F-4283-88F4-FBC6469A26F8}.Debug|iPhoneSimulator.Build.0 = Debug|iPhoneSimulator
		{6C66F7DB-1D9F-4283-88F4-FBC6469A26F8}.Debug|iPhoneSimulator.Deploy.0 = Debug|iPhoneSimulator
		{6C66F7DB-1D9F-4283-88F4-FBC6469A26F8}.Release|Any CPU.ActiveCfg = Release|iPhone
		{6C66F7DB-1D9F-4283-88F4-FBC6469A26F8}.Release|Any CPU.Build.0 = Release|iPhone
		{6C66F7DB-1D9F-4283-88F4-FBC6469A26F8}.Release|Any CPU.Deploy.0 = Release|iPhone
		{6C66F7DB-1D9F-4283-88F4-FBC6469A26F8}.Release|iPhone.ActiveCfg = Release|iPhone
		{6C66F7DB-1D9F-4283-88F4-FBC6469A26F8}.Release|iPhone.Build.0 = Release|iPhone
		{6C66F7DB-1D9F-4283-88F4-FBC6469A26F8}.Release|iPhone.Deploy.0 = Release|iPhone
		{6C66F7DB-1D9F-4283-88F4-FBC6469A26F8}.Release|iPhoneSimulator.ActiveCfg = Release|iPhoneSimulator
		{6C66F7DB-1D9F-4283-88F4-FBC6469A26F8}.Release|iPhoneSimulator.Build.0 = Release|iPhoneSimulator
		{6C66F7DB-1D9F-4283-88F4-FBC6469A26F8}.Release|iPhoneSimulator.Deploy.0 = Release|iPhoneSimulator
		{7EB01025-A9C1-4CB6-9916-1713B079765F}.Ad-Hoc|Any CPU.ActiveCfg = Debug|Any CPU
		{7EB01025-A9C1-4CB6-9916-1713B079765F}.Ad-Hoc|Any CPU.Build.0 = Debug|Any CPU
		{7EB01025-A9C1-4CB6-9916-1713B079765F}.Ad-Hoc|Any CPU.Deploy.0 = Debug|Any CPU
		{7EB01025-A9C1-4CB6-9916-1713B079765F}.Ad-Hoc|iPhone.ActiveCfg = Debug|Any CPU
		{7EB01025-A9C1-4CB6-9916-1713B079765F}.Ad-Hoc|iPhone.Build.0 = Debug|Any CPU
		{7EB01025-A9C1-4CB6-9916-1713B079765F}.Ad-Hoc|iPhone.Deploy.0 = Debug|Any CPU
		{7EB01025-A9C1-4CB6-9916-1713B079765F}.Ad-Hoc|iPhoneSimulator.ActiveCfg = Debug|Any CPU
		{7EB01025-A9C1-4CB6-9916-1713B079765F}.Ad-Hoc|iPhoneSimulator.Build.0 = Debug|Any CPU
		{7EB01025-A9C1-4CB6-9916-1713B079765F}.Ad-Hoc|iPhoneSimulator.Deploy.0 = Debug|Any CPU
		{7EB01025-A9C1-4CB6-9916-1713B079765F}.AppStore|Any CPU.ActiveCfg = Debug|Any CPU
		{7EB01025-A9C1-4CB6-9916-1713B079765F}.AppStore|Any CPU.Build.0 = Debug|Any CPU
		{7EB01025-A9C1-4CB6-9916-1713B079765F}.AppStore|Any CPU.Deploy.0 = Debug|Any CPU
		{7EB01025-A9C1-4CB6-9916-1713B079765F}.AppStore|iPhone.ActiveCfg = Debug|Any CPU
		{7EB01025-A9C1-4CB6-9916-1713B079765F}.AppStore|iPhone.Build.0 = Debug|Any CPU
		{7EB01025-A9C1-4CB6-9916-1713B079765F}.AppStore|iPhone.Deploy.0 = Debug|Any CPU
		{7EB01025-A9C1-4CB6-9916-1713B079765F}.AppStore|iPhoneSimulator.ActiveCfg = Debug|Any CPU
		{7EB01025-A9C1-4CB6-9916-1713B079765F}.AppStore|iPhoneSimulator.Build.0 = Debug|Any CPU
		{7EB01025-A9C1-4CB6-9916-1713B079765F}.AppStore|iPhoneSimulator.Deploy.0 = Debug|Any CPU
		{7EB01025-A9C1-4CB6-9916-1713B079765F}.Debug|Any CPU.ActiveCfg = Debug|Any CPU
		{7EB01025-A9C1-4CB6-9916-1713B079765F}.Debug|Any CPU.Build.0 = Debug|Any CPU
		{7EB01025-A9C1-4CB6-9916-1713B079765F}.Debug|Any CPU.Deploy.0 = Debug|Any CPU
		{7EB01025-A9C1-4CB6-9916-1713B079765F}.Debug|iPhone.ActiveCfg = Debug|Any CPU
		{7EB01025-A9C1-4CB6-9916-1713B079765F}.Debug|iPhone.Build.0 = Debug|Any CPU
		{7EB01025-A9C1-4CB6-9916-1713B079765F}.Debug|iPhone.Deploy.0 = Debug|Any CPU
		{7EB01025-A9C1-4CB6-9916-1713B079765F}.Debug|iPhoneSimulator.ActiveCfg = Debug|Any CPU
		{7EB01025-A9C1-4CB6-9916-1713B079765F}.Debug|iPhoneSimulator.Build.0 = Debug|Any CPU
		{7EB01025-A9C1-4CB6-9916-1713B079765F}.Debug|iPhoneSimulator.Deploy.0 = Debug|Any CPU
		{7EB01025-A9C1-4CB6-9916-1713B079765F}.Release|Any CPU.ActiveCfg = Release|Any CPU
		{7EB01025-A9C1-4CB6-9916-1713B079765F}.Release|Any CPU.Build.0 = Release|Any CPU
		{7EB01025-A9C1-4CB6-9916-1713B079765F}.Release|Any CPU.Deploy.0 = Release|Any CPU
		{7EB01025-A9C1-4CB6-9916-1713B079765F}.Release|iPhone.ActiveCfg = Release|Any CPU
		{7EB01025-A9C1-4CB6-9916-1713B079765F}.Release|iPhone.Build.0 = Release|Any CPU
		{7EB01025-A9C1-4CB6-9916-1713B079765F}.Release|iPhone.Deploy.0 = Release|Any CPU
		{7EB01025-A9C1-4CB6-9916-1713B079765F}.Release|iPhoneSimulator.ActiveCfg = Release|Any CPU
		{7EB01025-A9C1-4CB6-9916-1713B079765F}.Release|iPhoneSimulator.Build.0 = Release|Any CPU
		{7EB01025-A9C1-4CB6-9916-1713B079765F}.Release|iPhoneSimulator.Deploy.0 = Release|Any CPU
	EndGlobalSection
	GlobalSection(SolutionProperties) = preSolution
		HideSolutionNode = FALSE
	EndGlobalSection
	GlobalSection(ExtensibilityGlobals) = postSolution
		SolutionGuid = {9F1EFDEC-427F-4E9B-ADCB-64ED5E14EE9F}
	EndGlobalSection
EndGlobal
